
Microsoft Visual Studio Solution File, Format Version 12.00
# Visual Studio Version 16
VisualStudioVersion = 16.0.29509.3
MinimumVisualStudioVersion = 10.0.40219.1
Project("{FAE04EC0-301F-11D3-BF4B-00C04F79EFBC}") = "AccuWeatherServiceFetcher", "AccuWeatherServiceFetcher\AccuWeatherServiceFetcher.csproj", "{2E9DAA0F-42D7-405F-A4BC-D8D789CC7087}"
EndProject
Global
	GlobalSection(SolutionConfigurationPlatforms) = preSolution
		Debug|Any CPU = Debug|Any CPU
		Release|Any CPU = Release|Any CPU
	EndGlobalSection
	GlobalSection(ProjectConfigurationPlatforms) = postSolution
		{2E9DAA0F-42D7-405F-A4BC-D8D789CC7087}.Debug|Any CPU.ActiveCfg = Debug|Any CPU
		{2E9DAA0F-42D7-405F-A4BC-D8D789CC7087}.Debug|Any CPU.Build.0 = Debug|Any CPU
		{2E9DAA0F-42D7-405F-A4BC-D8D789CC7087}.Release|Any CPU.ActiveCfg = Release|Any CPU
		{2E9DAA0F-42D7-405F-A4BC-D8D789CC7087}.Release|Any CPU.Build.0 = Release|Any CPU
	EndGlobalSection
	GlobalSection(SolutionProperties) = preSolution
		HideSolutionNode = FALSE
	EndGlobalSection
	GlobalSection(ExtensibilityGlobals) = postSolution
		SolutionGuid = {A2EF925A-D7C4-4EDF-96B0-5D19C1B3C821}
	EndGlobalSection
EndGlobal
